
Microsoft Visual Studio Solution File, Format Version 12.00
# Visual Studio Version 16
VisualStudioVersion = 16.0.29020.237
MinimumVisualStudioVersion = 10.0.40219.1
Project("{FAE04EC0-301F-11D3-BF4B-00C04F79EFBC}") = "RobotNodeUtility", "RobotNodeUtility\RobotNodeUtility.csproj", "{35291C89-5181-4F33-A2B9-FD1BB34DD745}"
EndProject
Project("{9A19103F-16F7-4668-BE54-9A1E7A4F7556}") = "RobotNodeUtilityTest", "RobotNodeUtilityTest\RobotNodeUtilityTest.csproj", "{A0714C6A-A679-4BE2-A39B-9507B6AB7F1F}"
EndProject
Global
	GlobalSection(SolutionConfigurationPlatforms) = preSolution
		Debug|Any CPU = Debug|Any CPU
		Release|Any CPU = Release|Any CPU
	EndGlobalSection
	GlobalSection(ProjectConfigurationPlatforms) = postSolution
		{35291C89-5181-4F33-A2B9-FD1BB34DD745}.Debug|Any CPU.ActiveCfg = Debug|Any CPU
		{35291C89-5181-4F33-A2B9-FD1BB34DD745}.Debug|Any CPU.Build.0 = Debug|Any CPU
		{35291C89-5181-4F33-A2B9-FD1BB34DD745}.Release|Any CPU.ActiveCfg = Release|Any CPU
		{35291C89-5181-4F33-A2B9-FD1BB34DD745}.Release|Any CPU.Build.0 = Release|Any CPU
		{A0714C6A-A679-4BE2-A39B-9507B6AB7F1F}.Debug|Any CPU.ActiveCfg = Debug|Any CPU
		{A0714C6A-A679-4BE2-A39B-9507B6AB7F1F}.Debug|Any CPU.Build.0 = Debug|Any CPU
		{A0714C6A-A679-4BE2-A39B-9507B6AB7F1F}.Release|Any CPU.ActiveCfg = Release|Any CPU
		{A0714C6A-A679-4BE2-A39B-9507B6AB7F1F}.Release|Any CPU.Build.0 = Release|Any CPU
	EndGlobalSection
	GlobalSection(SolutionProperties) = preSolution
		HideSolutionNode = FALSE
	EndGlobalSection
	GlobalSection(ExtensibilityGlobals) = postSolution
		SolutionGuid = {3645AF9F-C57A-400B-8FE7-FED5932D0364}
	EndGlobalSection
EndGlobal
